# Files vendored from other repositories and kept byte-equal to their source by
# vendor-sync.sh, one per line: LOCAL OWNER/REPO PATH COMMIT BLOB [manual]. Never edit a
# copy in place: change it at its source and let the weekly cascade bring it back. How it
# works: references/bump-cascade.md in https://github.com/rokokol/ci-skill
vendor-sync.sh rokokol/ci-skill templates/vendor-sync.sh cfa9fb1ae44f73117feed5fa01811e84bae553a0 176a58470c142a98cb6434a889b3e98fea266ad3
check-pins.sh rokokol/ci-skill templates/check-pins.sh cfa9fb1ae44f73117feed5fa01811e84bae553a0 c86f8288606d532f7982206eea8e8a310315d7f6
check-changelog.sh rokokol/versioning-skill check-changelog.sh f5af39b31fa573351a7a3ced9b1ae1b117d7eac6 103e3395a394fe6d39b8d7e0989107d9aa01c2e8
check-skill.sh rokokol/skill-authoring-skill check-skill.sh c75b0cf40ac90a9dcb5f335c6349cd15470f27b3 83152392d798af1860d2b3fcf11438b4b8d0e4ff
check-sh.sh rokokol/bash-best-practices-skill check-sh.sh a4f5f26191417564d0ebe122bf652dd7e3f74b50 37cb4b54dc245288c711b9665c9b4aedc496b1ce
tests/t.sh rokokol/tests-skill t.sh b76580cfc0152c3ae302f186dc2042138c00fd46 5f1f9f634b9d9c689592ec95a196c4734189eb14
tests/markers/ rokokol/tests-skill markers/ 5378909ac1e63f658c1f2347cc11131f04f19c8a 65d141bbf07ecb99a3bd6ebfe4e0d3050a2c1ab4
check-prose.sh rokokol/create-readme-skill check-prose.sh 68237ce51c5dca04fc2e2ef9df01ddcf1fdd4caa 3054ffa2de0990be2164494d734f34f17eda5e2b
.github/workflows/vendor-sync.yml rokokol/ci-skill templates/github/workflows/vendor-sync-macos.yml fc54eb000b55d210a9a54fa619371418bf3121a6 f7bb30b8eb3483cb13276df5237b37afc888c002 manual
